
Microsoft Visual Studio Solution File, Format Version 12.00
# Visual Studio Version 16
VisualStudioVersion = 16.0.31727.386
MinimumVisualStudioVersion = 10.0.40219.1
Project("{FAE04EC0-301F-11D3-BF4B-00C04F79EFBC}") = "Hospital", "Hospital\Hospital.csproj", "{4CE674B8-A172-4992-B29E-0FBB9F66F9CC}"
EndProject
Global
	GlobalSection(SolutionConfigurationPlatforms) = preSolution
		Debug|Any CPU = Debug|Any CPU
		Release|Any CPU = Release|Any CPU
	EndGlobalSection
	GlobalSection(ProjectConfigurationPlatforms) = postSolution
		{4CE674B8-A172-4992-B29E-0FBB9F66F9CC}.Debug|Any CPU.ActiveCfg = Debug|Any CPU
		{4CE674B8-A172-4992-B29E-0FBB9F66F9CC}.Debug|Any CPU.Build.0 = Debug|Any CPU
		{4CE674B8-A172-4992-B29E-0FBB9F66F9CC}.Release|Any CPU.ActiveCfg = Release|Any CPU
		{4CE674B8-A172-4992-B29E-0FBB9F66F9CC}.Release|Any CPU.Build.0 = Release|Any CPU
	EndGlobalSection
	GlobalSection(SolutionProperties) = preSolution
		HideSolutionNode = FALSE
	EndGlobalSection
	GlobalSection(ExtensibilityGlobals) = postSolution
		SolutionGuid = {EBA78710-D0CA-496F-A599-77021DC9EF21}
	EndGlobalSection
EndGlobal
